// !$*UTF8*$!
{
	archiveVersion = 1;
	classes = {
	};
	objectVersion = 50;
	objects = {

/* Begin PBXBuildFile section */
		75CD1CF826C6B20D00B439FB /* main.c in Sources */ = {isa = PBXBuildFile; fileRef = 75CD1CF726C6B20D00B439FB /* main.c */; };
		75CD1D0026C6B21E00B439FB /* linked_list.c in Sources */ = {isa = PBXBuildFile; fileRef = 75CD1CFF26C6B21E00B439FB /* linked_list.c */; };
		75CD1D0326C6C49D00B439FB /* exceptions.c in Sources */ = {isa = PBXBuildFile; fileRef = 75CD1D0226C6C49D00B439FB /* exceptions.c */; };
		75CD1D1126C7016000B439FB /* LinkedListTests.m in Sources */ = {isa = PBXBuildFile; fileRef = 75CD1D1026C7016000B439FB /* LinkedListTests.m */; };
		75CD1D1226C7020500B439FB /* linked_list.c in Sources */ = {isa = PBXBuildFile; fileRef = 75CD1CFF26C6B21E00B439FB /* linked_list.c */; };
		75CD1D1326C7020900B439FB /* exceptions.c in Sources */ = {isa = PBXBuildFile; fileRef = 75CD1D0226C6C49D00B439FB /* exceptions.c */; };
		75CD1D1526C7025E00B439FB /* linked_list.h in Headers */ = {isa = PBXBuildFile; fileRef = 75CD1CFE26C6B21E00B439FB /* linked_list.h */; };
		75CD1D1626C7025E00B439FB /* exceptions.h in Headers */ = {isa = PBXBuildFile; fileRef = 75CD1D0126C6C49D00B439FB /* exceptions.h */; };
/* End PBXBuildFile section */

/* Begin PBXCopyFilesBuildPhase section */
		75CD1CF226C6B20D00B439FB /* CopyFiles */ = {
			isa = PBXCopyFilesBuildPhase;
			buildActionMask = 2147483647;
			dstPath = /usr/share/man/man1/;
			dstSubfolderSpec = 0;
			files = (
			);
			runOnlyForDeploymentPostprocessing = 1;
		};
/* End PBXCopyFilesBuildPhase section */

/* Begin PBXFileReference section */
		75CD1CF426C6B20D00B439FB /* CLox */ = {isa = PBXFileReference; explicitFileType = "compiled.mach-o.executable"; includeInIndex = 0; path = CLox; sourceTree = BUILT_PRODUCTS_DIR; };
		75CD1CF726C6B20D00B439FB /* main.c */ = {isa = PBXFileReference; lastKnownFileType = sourcecode.c.c; path = main.c; sourceTree = "<group>"; };
		75CD1CFE26C6B21E00B439FB /* linked_list.h */ = {isa = PBXFileReference; lastKnownFileType = sourcecode.c.h; path = linked_list.h; sourceTree = "<group>"; };
		75CD1CFF26C6B21E00B439FB /* linked_list.c */ = {isa = PBXFileReference; lastKnownFileType = sourcecode.c.c; path = linked_list.c; sourceTree = "<group>"; };
		75CD1D0126C6C49D00B439FB /* exceptions.h */ = {isa = PBXFileReference; lastKnownFileType = sourcecode.c.h; path = exceptions.h; sourceTree = "<group>"; };
		75CD1D0226C6C49D00B439FB /* exceptions.c */ = {isa = PBXFileReference; lastKnownFileType = sourcecode.c.c; path = exceptions.c; sourceTree = "<group>"; };
		75CD1D0826C7014700B439FB /* CLoxUnitTests.xctest */ = {isa = PBXFileReference; explicitFileType = wrapper.cfbundle; includeInIndex = 0; path = CLoxUnitTests.xctest; sourceTree = BUILT_PRODUCTS_DIR; };
		75CD1D0C26C7014700B439FB /* Info.plist */ = {isa = PBXFileReference; lastKnownFileType = text.plist.xml; path = Info.plist; sourceTree = "<group>"; };
		75CD1D1026C7016000B439FB /* LinkedListTests.m */ = {isa = PBXFileReference; lastKnownFileType = sourcecode.c.objc; path = LinkedListTests.m; sourceTree = "<group>"; };
/* End PBXFileReference section */

/* Begin PBXFrameworksBuildPhase section */
		75CD1CF126C6B20D00B439FB /* Frameworks */ = {
			isa = PBXFrameworksBuildPhase;
			buildActionMask = 2147483647;
			files = (
			);
			runOnlyForDeploymentPostprocessing = 0;
		};
		75CD1D0526C7014700B439FB /* Frameworks */ = {
			isa = PBXFrameworksBuildPhase;
			buildActionMask = 2147483647;
			files = (
			);
			runOnlyForDeploymentPostprocessing = 0;
		};
/* End PBXFrameworksBuildPhase section */

/* Begin PBXGroup section */
		75CD1CEB26C6B20D00B439FB = {
			isa = PBXGroup;
			children = (
				75CD1CF626C6B20D00B439FB /* CLox */,
				75CD1D0926C7014700B439FB /* CLoxUnitTests */,
				75CD1CF526C6B20D00B439FB /* Products */,
			);
			sourceTree = "<group>";
		};
		75CD1CF526C6B20D00B439FB /* Products */ = {
			isa = PBXGroup;
			children = (
				75CD1CF426C6B20D00B439FB /* CLox */,
				75CD1D0826C7014700B439FB /* CLoxUnitTests.xctest */,
			);
			name = Products;
			sourceTree = "<group>";
		};
		75CD1CF626C6B20D00B439FB /* CLox */ = {
			isa = PBXGroup;
			children = (
				75CD1CF726C6B20D00B439FB /* main.c */,
				75CD1CFE26C6B21E00B439FB /* linked_list.h */,
				75CD1CFF26C6B21E00B439FB /* linked_list.c */,
				75CD1D0126C6C49D00B439FB /* exceptions.h */,
				75CD1D0226C6C49D00B439FB /* exceptions.c */,
			);
			path = CLox;
			sourceTree = "<group>";
		};
		75CD1D0926C7014700B439FB /* CLoxUnitTests */ = {
			isa = PBXGroup;
			children = (
				75CD1D0C26C7014700B439FB /* Info.plist */,
				75CD1D1026C7016000B439FB /* LinkedListTests.m */,
			);
			path = CLoxUnitTests;
			sourceTree = "<group>";
		};
/* End PBXGroup section */

/* Begin PBXHeadersBuildPhase section */
		75CD1D1426C7024700B439FB /* Headers */ = {
			isa = PBXHeadersBuildPhase;
			buildActionMask = 2147483647;
			files = (
				75CD1D1526C7025E00B439FB /* linked_list.h in Headers */,
				75CD1D1626C7025E00B439FB /* exceptions.h in Headers */,
			);
			runOnlyForDeploymentPostprocessing = 0;
		};
/* End PBXHeadersBuildPhase section */

/* Begin PBXNativeTarget section */
		75CD1CF326C6B20D00B439FB /* CLox */ = {
			isa = PBXNativeTarget;
			buildConfigurationList = 75CD1CFB26C6B20D00B439FB /* Build configuration list for PBXNativeTarget "CLox" */;
			buildPhases = (
				75CD1CF026C6B20D00B439FB /* Sources */,
				75CD1CF126C6B20D00B439FB /* Frameworks */,
				75CD1CF226C6B20D00B439FB /* CopyFiles */,
			);
			buildRules = (
			);
			dependencies = (
			);
			name = CLox;
			productName = CLox;
			productReference = 75CD1CF426C6B20D00B439FB /* CLox */;
			productType = "com.apple.product-type.tool";
		};
		75CD1D0726C7014700B439FB /* CLoxUnitTests */ = {
			isa = PBXNativeTarget;
			buildConfigurationList = 75CD1D0D26C7014700B439FB /* Build configuration list for PBXNativeTarget "CLoxUnitTests" */;
			buildPhases = (
				75CD1D1426C7024700B439FB /* Headers */,
				75CD1D0426C7014700B439FB /* Sources */,
				75CD1D0526C7014700B439FB /* Frameworks */,
				75CD1D0626C7014700B439FB /* Resources */,
			);
			buildRules = (
			);
			dependencies = (
			);
			name = CLoxUnitTests;
			productName = CLoxUnitTests;
			productReference = 75CD1D0826C7014700B439FB /* CLoxUnitTests.xctest */;
			productType = "com.apple.product-type.bundle.unit-test";
		};
/* End PBXNativeTarget section */

/* Begin PBXProject section */
		75CD1CEC26C6B20D00B439FB /* Project object */ = {
			isa = PBXProject;
			attributes = {
				LastUpgradeCheck = 1250;
				TargetAttributes = {
					75CD1CF326C6B20D00B439FB = {
						CreatedOnToolsVersion = 12.5.1;
					};
					75CD1D0726C7014700B439FB = {
						CreatedOnToolsVersion = 12.5.1;
					};
				};
			};
			buildConfigurationList = 75CD1CEF26C6B20D00B439FB /* Build configuration list for PBXProject "CLox" */;
			compatibilityVersion = "Xcode 9.3";
			developmentRegion = en;
			hasScannedForEncodings = 0;
			knownRegions = (
				en,
				Base,
			);
			mainGroup = 75CD1CEB26C6B20D00B439FB;
			productRefGroup = 75CD1CF526C6B20D00B439FB /* Products */;
			projectDirPath = "";
			projectRoot = "";
			targets = (
				75CD1CF326C6B20D00B439FB /* CLox */,
				75CD1D0726C7014700B439FB /* CLoxUnitTests */,
			);
		};
/* End PBXProject section */

/* Begin PBXResourcesBuildPhase section */
		75CD1D0626C7014700B439FB /* Resources */ = {
			isa = PBXResourcesBuildPhase;
			buildActionMask = 2147483647;
			files = (
			);
			runOnlyForDeploymentPostprocessing = 0;
		};
/* End PBXResourcesBuildPhase section */

/* Begin PBXSourcesBuildPhase section */
		75CD1CF026C6B20D00B439FB /* Sources */ = {
			isa = PBXSourcesBuildPhase;
			buildActionMask = 2147483647;
			files = (
				75CD1D0326C6C49D00B439FB /* exceptions.c in Sources */,
				75CD1D0026C6B21E00B439FB /* linked_list.c in Sources */,
				75CD1CF826C6B20D00B439FB /* main.c in Sources */,
			);
			runOnlyForDeploymentPostprocessing = 0;
		};
		75CD1D0426C7014700B439FB /* Sources */ = {
			isa = PBXSourcesBuildPhase;
			buildActionMask = 2147483647;
			files = (
				75CD1D1226C7020500B439FB /* linked_list.c in Sources */,
				75CD1D1126C7016000B439FB /* LinkedListTests.m in Sources */,
				75CD1D1326C7020900B439FB /* exceptions.c in Sources */,
			);
			runOnlyForDeploymentPostprocessing = 0;
		};
/* End PBXSourcesBuildPhase section */

/* Begin XCBuildConfiguration section */
		75CD1CF926C6B20D00B439FB /* Debug */ = {
			isa = XCBuildConfiguration;
			buildSettings = {
				ALWAYS_SEARCH_USER_PATHS = NO;
				CLANG_ANALYZER_NONNULL = YES;
				CLANG_ANALYZER_NUMBER_OBJECT_CONVERSION = YES_AGGRESSIVE;
				CLANG_CXX_LANGUAGE_STANDARD = "gnu++14";
				CLANG_CXX_LIBRARY = "libc++";
				CLANG_ENABLE_MODULES = YES;
				CLANG_ENABLE_OBJC_ARC = YES;
				CLANG_ENABLE_OBJC_WEAK = YES;
				CLANG_WARN_BLOCK_CAPTURE_AUTORELEASING = YES;
				CLANG_WARN_BOOL_CONVERSION = YES;
				CLANG_WARN_COMMA = YES;
				CLANG_WARN_CONSTANT_CONVERSION = YES;
				CLANG_WARN_DEPRECATED_OBJC_IMPLEMENTATIONS = YES;
				CLANG_WARN_DIRECT_OBJC_ISA_USAGE = YES_ERROR;
				CLANG_WARN_DOCUMENTATION_COMMENTS = YES;
				CLANG_WARN_EMPTY_BODY = YES;
				CLANG_WARN_ENUM_CONVERSION = YES;
				CLANG_WARN_INFINITE_RECURSION = YES;
				CLANG_WARN_INT_CONVERSION = YES;
				CLANG_WARN_NON_LITERAL_NULL_CONVERSION = YES;
				CLANG_WARN_OBJC_IMPLICIT_RETAIN_SELF = YES;
				CLANG_WARN_OBJC_LITERAL_CONVERSION = YES;
				CLANG_WARN_OBJC_ROOT_CLASS = YES_ERROR;
				CLANG_WARN_QUOTED_INCLUDE_IN_FRAMEWORK_HEADER = YES;
				CLANG_WARN_RANGE_LOOP_ANALYSIS = YES;
				CLANG_WARN_STRICT_PROTOTYPES = YES;
				CLANG_WARN_SUSPICIOUS_MOVE = YES;
				CLANG_WARN_UNGUARDED_AVAILABILITY = YES_AGGRESSIVE;
				CLANG_WARN_UNREACHABLE_CODE = YES;
				CLANG_WARN__DUPLICATE_METHOD_MATCH = YES;
				COPY_PHASE_STRIP = NO;
				DEBUG_INFORMATION_FORMAT = dwarf;
				ENABLE_STRICT_OBJC_MSGSEND = YES;
				ENABLE_TESTABILITY = YES;
				GCC_C_LANGUAGE_STANDARD = gnu11;
				GCC_DYNAMIC_NO_PIC = NO;
				GCC_NO_COMMON_BLOCKS = YES;
				GCC_OPTIMIZATION_LEVEL = 0;
				GCC_PREPROCESSOR_DEFINITIONS = (
					"DEBUG=1",
					"$(inherited)",
				);
				GCC_WARN_64_TO_32_BIT_CONVERSION = YES;
				GCC_WARN_ABOUT_RETURN_TYPE = YES_ERROR;
				GCC_WARN_UNDECLARED_SELECTOR = YES;
				GCC_WARN_UNINITIALIZED_AUTOS = YES_AGGRESSIVE;
				GCC_WARN_UNUSED_FUNCTION = YES;
				GCC_WARN_UNUSED_VARIABLE = YES;
				MACOSX_DEPLOYMENT_TARGET = 11.3;
				MTL_ENABLE_DEBUG_INFO = INCLUDE_SOURCE;
				MTL_FAST_MATH = YES;
				ONLY_ACTIVE_ARCH = YES;
				SDKROOT = macosx;
			};
			name = Debug;
		};
		75CD1CFA26C6B20D00B439FB /* Release */ = {
			isa = XCBuildConfiguration;
			buildSettings = {
				ALWAYS_SEARCH_USER_PATHS = NO;
				CLANG_ANALYZER_NONNULL = YES;
				CLANG_ANALYZER_NUMBER_OBJECT_CONVERSION = YES_AGGRESSIVE;
				CLANG_CXX_LANGUAGE_STANDARD = "gnu++14";
				CLANG_CXX_LIBRARY = "libc++";
				CLANG_ENABLE_MODULES = YES;
				CLANG_ENABLE_OBJC_ARC = YES;
				CLANG_ENABLE_OBJC_WEAK = YES;
				CLANG_WARN_BLOCK_CAPTURE_AUTORELEASING = YES;
				CLANG_WARN_BOOL_CONVERSION = YES;
				CLANG_WARN_COMMA = YES;
				CLANG_WARN_CONSTANT_CONVERSION = YES;
				CLANG_WARN_DEPRECATED_OBJC_IMPLEMENTATIONS = YES;
				CLANG_WARN_DIRECT_OBJC_ISA_USAGE = YES_ERROR;
				CLANG_WARN_DOCUMENTATION_COMMENTS = YES;
				CLANG_WARN_EMPTY_BODY = YES;
				CLANG_WARN_ENUM_CONVERSION = YES;
				CLANG_WARN_INFINITE_RECURSION = YES;
				CLANG_WARN_INT_CONVERSION = YES;
				CLANG_WARN_NON_LITERAL_NULL_CONVERSION = YES;
				CLANG_WARN_OBJC_IMPLICIT_RETAIN_SELF = YES;
				CLANG_WARN_OBJC_LITERAL_CONVERSION = YES;
				CLANG_WARN_OBJC_ROOT_CLASS = YES_ERROR;
				CLANG_WARN_QUOTED_INCLUDE_IN_FRAMEWORK_HEADER = YES;
				CLANG_WARN_RANGE_LOOP_ANALYSIS = YES;
				CLANG_WARN_STRICT_PROTOTYPES = YES;
				CLANG_WARN_SUSPICIOUS_MOVE = YES;
				CLANG_WARN_UNGUARDED_AVAILABILITY = YES_AGGRESSIVE;
				CLANG_WARN_UNREACHABLE_CODE = YES;
				CLANG_WARN__DUPLICATE_METHOD_MATCH = YES;
				COPY_PHASE_STRIP = NO;
				DEBUG_INFORMATION_FORMAT = "dwarf-with-dsym";
				ENABLE_NS_ASSERTIONS = NO;
				ENABLE_STRICT_OBJC_MSGSEND = YES;
				GCC_C_LANGUAGE_STANDARD = gnu11;
				GCC_NO_COMMON_BLOCKS = YES;
				GCC_WARN_64_TO_32_BIT_CONVERSION = YES;
				GCC_WARN_ABOUT_RETURN_TYPE = YES_ERROR;
				GCC_WARN_UNDECLARED_SELECTOR = YES;
				GCC_WARN_UNINITIALIZED_AUTOS = YES_AGGRESSIVE;
				GCC_WARN_UNUSED_FUNCTION = YES;
				GCC_WARN_UNUSED_VARIABLE = YES;
				MACOSX_DEPLOYMENT_TARGET = 11.3;
				MTL_ENABLE_DEBUG_INFO = NO;
				MTL_FAST_MATH = YES;
				SDKROOT = macosx;
			};
			name = Release;
		};
		75CD1CFC26C6B20D00B439FB /* Debug */ = {
			isa = XCBuildConfiguration;
			buildSettings = {
				CODE_SIGN_STYLE = Automatic;
				DEVELOPMENT_TEAM = ELT5AES94A;
				ENABLE_HARDENED_RUNTIME = YES;
				PRODUCT_NAME = "$(TARGET_NAME)";
			};
			name = Debug;
		};
		75CD1CFD26C6B20D00B439FB /* Release */ = {
			isa = XCBuildConfiguration;
			buildSettings = {
				CODE_SIGN_STYLE = Automatic;
				DEVELOPMENT_TEAM = ELT5AES94A;
				ENABLE_HARDENED_RUNTIME = YES;
				PRODUCT_NAME = "$(TARGET_NAME)";
			};
			name = Release;
		};
		75CD1D0E26C7014700B439FB /* Debug */ = {
			isa = XCBuildConfiguration;
			buildSettings = {
				CODE_SIGN_STYLE = Automatic;
				COMBINE_HIDPI_IMAGES = YES;
				DEVELOPMENT_TEAM = ELT5AES94A;
				INFOPLIST_FILE = CLoxUnitTests/Info.plist;
				LD_RUNPATH_SEARCH_PATHS = (
					"$(inherited)",
					"@executable_path/../Frameworks",
					"@loader_path/../Frameworks",
				);
				PRODUCT_BUNDLE_IDENTIFIER = com.daltonclaybrook.CLoxUnitTests;
				PRODUCT_NAME = "$(TARGET_NAME)";
			};
			name = Debug;
		};
		75CD1D0F26C7014700B439FB /* Release */ = {
			isa = XCBuildConfiguration;
			buildSettings = {
				CODE_SIGN_STYLE = Automatic;
				COMBINE_HIDPI_IMAGES = YES;
				DEVELOPMENT_TEAM = ELT5AES94A;
				INFOPLIST_FILE = CLoxUnitTests/Info.plist;
				LD_RUNPATH_SEARCH_PATHS = (
					"$(inherited)",
					"@executable_path/../Frameworks",
					"@loader_path/../Frameworks",
				);
				PRODUCT_BUNDLE_IDENTIFIER = com.daltonclaybrook.CLoxUnitTests;
				PRODUCT_NAME = "$(TARGET_NAME)";
			};
			name = Release;
		};
/* End XCBuildConfiguration section */

/* Begin XCConfigurationList section */
		75CD1CEF26C6B20D00B439FB /* Build configuration list for PBXProject "CLox" */ = {
			isa = XCConfigurationList;
			buildConfigurations = (
				75CD1CF926C6B20D00B439FB /* Debug */,
				75CD1CFA26C6B20D00B439FB /* Release */,
			);
			defaultConfigurationIsVisible = 0;
			defaultConfigurationName = Release;
		};
		75CD1CFB26C6B20D00B439FB /* Build configuration list for PBXNativeTarget "CLox" */ = {
			isa = XCConfigurationList;
			buildConfigurations = (
				75CD1CFC26C6B20D00B439FB /* Debug */,
				75CD1CFD26C6B20D00B439FB /* Release */,
			);
			defaultConfigurationIsVisible = 0;
			defaultConfigurationName = Release;
		};
		75CD1D0D26C7014700B439FB /* Build configuration list for PBXNativeTarget "CLoxUnitTests" */ = {
			isa = XCConfigurationList;
			buildConfigurations = (
				75CD1D0E26C7014700B439FB /* Debug */,
				75CD1D0F26C7014700B439FB /* Release */,
			);
			defaultConfigurationIsVisible = 0;
			defaultConfigurationName = Release;
		};
/* End XCConfigurationList section */
	};
	rootObject = 75CD1CEC26C6B20D00B439FB /* Project object */;
}
