// !$*UTF8*$!
{
	archiveVersion = 1;
	classes = {
	};
	objectVersion = 50;
	objects = {

/* Begin PBXBuildFile section */
		BEE03F3F26F7A890000CC584 /* vm.c in Sources */ = {isa = PBXBuildFile; fileRef = BEE03F3E26F7A890000CC584 /* vm.c */; };
		BEE27AB926F81AAF00F9B3E8 /* compiler.c in Sources */ = {isa = PBXBuildFile; fileRef = BEE27AB826F81AAF00F9B3E8 /* compiler.c */; };
		BEE27ABC26F81ADB00F9B3E8 /* scanner.c in Sources */ = {isa = PBXBuildFile; fileRef = BEE27ABB26F81ADB00F9B3E8 /* scanner.c */; };
		BEF9388D26E99DF70026B650 /* main.c in Sources */ = {isa = PBXBuildFile; fileRef = BEF9388C26E99DF70026B650 /* main.c */; };
		BEF9389626E9A1260026B650 /* chunk.c in Sources */ = {isa = PBXBuildFile; fileRef = BEF9389526E9A1260026B650 /* chunk.c */; };
		BEF9389926E9A24B0026B650 /* memory.c in Sources */ = {isa = PBXBuildFile; fileRef = BEF9389826E9A24B0026B650 /* memory.c */; };
		BEF9389C26E9A8F20026B650 /* debug.c in Sources */ = {isa = PBXBuildFile; fileRef = BEF9389B26E9A8F20026B650 /* debug.c */; };
		BEF9389F26E9AD740026B650 /* value.c in Sources */ = {isa = PBXBuildFile; fileRef = BEF9389E26E9AD740026B650 /* value.c */; };
		BEFDC3D2270A2A8000EC9900 /* object.c in Sources */ = {isa = PBXBuildFile; fileRef = BEFDC3D1270A2A8000EC9900 /* object.c */; };
/* End PBXBuildFile section */

/* Begin PBXCopyFilesBuildPhase section */
		BEF9388726E99DF70026B650 /* CopyFiles */ = {
			isa = PBXCopyFilesBuildPhase;
			buildActionMask = 2147483647;
			dstPath = /usr/share/man/man1/;
			dstSubfolderSpec = 0;
			files = (
			);
			runOnlyForDeploymentPostprocessing = 1;
		};
/* End PBXCopyFilesBuildPhase section */

/* Begin PBXFileReference section */
		BEE03F3D26F7A890000CC584 /* vm.h */ = {isa = PBXFileReference; lastKnownFileType = sourcecode.c.h; path = vm.h; sourceTree = "<group>"; };
		BEE03F3E26F7A890000CC584 /* vm.c */ = {isa = PBXFileReference; lastKnownFileType = sourcecode.c.c; path = vm.c; sourceTree = "<group>"; };
		BEE27AB726F81AAF00F9B3E8 /* compiler.h */ = {isa = PBXFileReference; lastKnownFileType = sourcecode.c.h; path = compiler.h; sourceTree = "<group>"; };
		BEE27AB826F81AAF00F9B3E8 /* compiler.c */ = {isa = PBXFileReference; lastKnownFileType = sourcecode.c.c; path = compiler.c; sourceTree = "<group>"; };
		BEE27ABA26F81ADB00F9B3E8 /* scanner.h */ = {isa = PBXFileReference; lastKnownFileType = sourcecode.c.h; path = scanner.h; sourceTree = "<group>"; };
		BEE27ABB26F81ADB00F9B3E8 /* scanner.c */ = {isa = PBXFileReference; lastKnownFileType = sourcecode.c.c; path = scanner.c; sourceTree = "<group>"; };
		BEF9388926E99DF70026B650 /* clox */ = {isa = PBXFileReference; explicitFileType = "compiled.mach-o.executable"; includeInIndex = 0; path = clox; sourceTree = BUILT_PRODUCTS_DIR; };
		BEF9388C26E99DF70026B650 /* main.c */ = {isa = PBXFileReference; lastKnownFileType = sourcecode.c.c; path = main.c; sourceTree = "<group>"; };
		BEF9389326E99E2D0026B650 /* common.h */ = {isa = PBXFileReference; lastKnownFileType = sourcecode.c.h; path = common.h; sourceTree = "<group>"; };
		BEF9389426E99EED0026B650 /* chunk.h */ = {isa = PBXFileReference; lastKnownFileType = sourcecode.c.h; path = chunk.h; sourceTree = "<group>"; };
		BEF9389526E9A1260026B650 /* chunk.c */ = {isa = PBXFileReference; lastKnownFileType = sourcecode.c.c; path = chunk.c; sourceTree = "<group>"; };
		BEF9389726E9A24B0026B650 /* memory.h */ = {isa = PBXFileReference; lastKnownFileType = sourcecode.c.h; path = memory.h; sourceTree = "<group>"; };
		BEF9389826E9A24B0026B650 /* memory.c */ = {isa = PBXFileReference; lastKnownFileType = sourcecode.c.c; path = memory.c; sourceTree = "<group>"; };
		BEF9389A26E9A8F20026B650 /* debug.h */ = {isa = PBXFileReference; lastKnownFileType = sourcecode.c.h; path = debug.h; sourceTree = "<group>"; };
		BEF9389B26E9A8F20026B650 /* debug.c */ = {isa = PBXFileReference; lastKnownFileType = sourcecode.c.c; path = debug.c; sourceTree = "<group>"; };
		BEF9389D26E9AD740026B650 /* value.h */ = {isa = PBXFileReference; lastKnownFileType = sourcecode.c.h; path = value.h; sourceTree = "<group>"; };
		BEF9389E26E9AD740026B650 /* value.c */ = {isa = PBXFileReference; lastKnownFileType = sourcecode.c.c; path = value.c; sourceTree = "<group>"; };
		BEFDC3D0270A2A8000EC9900 /* object.h */ = {isa = PBXFileReference; lastKnownFileType = sourcecode.c.h; path = object.h; sourceTree = "<group>"; };
		BEFDC3D1270A2A8000EC9900 /* object.c */ = {isa = PBXFileReference; lastKnownFileType = sourcecode.c.c; path = object.c; sourceTree = "<group>"; };
/* End PBXFileReference section */

/* Begin PBXFrameworksBuildPhase section */
		BEF9388626E99DF70026B650 /* Frameworks */ = {
			isa = PBXFrameworksBuildPhase;
			buildActionMask = 2147483647;
			files = (
			);
			runOnlyForDeploymentPostprocessing = 0;
		};
/* End PBXFrameworksBuildPhase section */

/* Begin PBXGroup section */
		BEF9388026E99DF70026B650 = {
			isa = PBXGroup;
			children = (
				BEF9388B26E99DF70026B650 /* clox */,
				BEF9388A26E99DF70026B650 /* Products */,
			);
			sourceTree = "<group>";
		};
		BEF9388A26E99DF70026B650 /* Products */ = {
			isa = PBXGroup;
			children = (
				BEF9388926E99DF70026B650 /* clox */,
			);
			name = Products;
			sourceTree = "<group>";
		};
		BEF9388B26E99DF70026B650 /* clox */ = {
			isa = PBXGroup;
			children = (
				BEF9388C26E99DF70026B650 /* main.c */,
				BEF9389426E99EED0026B650 /* chunk.h */,
				BEF9389526E9A1260026B650 /* chunk.c */,
				BEF9389726E9A24B0026B650 /* memory.h */,
				BEF9389826E9A24B0026B650 /* memory.c */,
				BEF9389326E99E2D0026B650 /* common.h */,
				BEF9389A26E9A8F20026B650 /* debug.h */,
				BEF9389B26E9A8F20026B650 /* debug.c */,
				BEE03F3D26F7A890000CC584 /* vm.h */,
				BEE03F3E26F7A890000CC584 /* vm.c */,
				BEE27AB726F81AAF00F9B3E8 /* compiler.h */,
				BEE27AB826F81AAF00F9B3E8 /* compiler.c */,
				BEE27ABA26F81ADB00F9B3E8 /* scanner.h */,
				BEE27ABB26F81ADB00F9B3E8 /* scanner.c */,
				BEF9389D26E9AD740026B650 /* value.h */,
				BEFDC3D0270A2A8000EC9900 /* object.h */,
				BEFDC3D1270A2A8000EC9900 /* object.c */,
				BEF9389E26E9AD740026B650 /* value.c */,
			);
			path = clox;
			sourceTree = "<group>";
		};
/* End PBXGroup section */

/* Begin PBXNativeTarget section */
		BEF9388826E99DF70026B650 /* clox */ = {
			isa = PBXNativeTarget;
			buildConfigurationList = BEF9389026E99DF70026B650 /* Build configuration list for PBXNativeTarget "clox" */;
			buildPhases = (
				BEF9388526E99DF70026B650 /* Sources */,
				BEF9388626E99DF70026B650 /* Frameworks */,
				BEF9388726E99DF70026B650 /* CopyFiles */,
			);
			buildRules = (
			);
			dependencies = (
			);
			name = clox;
			productName = clox;
			productReference = BEF9388926E99DF70026B650 /* clox */;
			productType = "com.apple.product-type.tool";
		};
/* End PBXNativeTarget section */

/* Begin PBXProject section */
		BEF9388126E99DF70026B650 /* Project object */ = {
			isa = PBXProject;
			attributes = {
				LastUpgradeCheck = 1250;
				TargetAttributes = {
					BEF9388826E99DF70026B650 = {
						CreatedOnToolsVersion = 12.5.1;
					};
				};
			};
			buildConfigurationList = BEF9388426E99DF70026B650 /* Build configuration list for PBXProject "clox" */;
			compatibilityVersion = "Xcode 9.3";
			developmentRegion = en;
			hasScannedForEncodings = 0;
			knownRegions = (
				en,
				Base,
			);
			mainGroup = BEF9388026E99DF70026B650;
			productRefGroup = BEF9388A26E99DF70026B650 /* Products */;
			projectDirPath = "";
			projectRoot = "";
			targets = (
				BEF9388826E99DF70026B650 /* clox */,
			);
		};
/* End PBXProject section */

/* Begin PBXSourcesBuildPhase section */
		BEF9388526E99DF70026B650 /* Sources */ = {
			isa = PBXSourcesBuildPhase;
			buildActionMask = 2147483647;
			files = (
				BEF9389F26E9AD740026B650 /* value.c in Sources */,
				BEF9388D26E99DF70026B650 /* main.c in Sources */,
				BEF9389926E9A24B0026B650 /* memory.c in Sources */,
				BEFDC3D2270A2A8000EC9900 /* object.c in Sources */,
				BEF9389626E9A1260026B650 /* chunk.c in Sources */,
				BEE27ABC26F81ADB00F9B3E8 /* scanner.c in Sources */,
				BEE27AB926F81AAF00F9B3E8 /* compiler.c in Sources */,
				BEE03F3F26F7A890000CC584 /* vm.c in Sources */,
				BEF9389C26E9A8F20026B650 /* debug.c in Sources */,
			);
			runOnlyForDeploymentPostprocessing = 0;
		};
/* End PBXSourcesBuildPhase section */

/* Begin XCBuildConfiguration section */
		BEF9388E26E99DF70026B650 /* Debug */ = {
			isa = XCBuildConfiguration;
			buildSettings = {
				ALWAYS_SEARCH_USER_PATHS = NO;
				CLANG_ANALYZER_NONNULL = YES;
				CLANG_ANALYZER_NUMBER_OBJECT_CONVERSION = YES_AGGRESSIVE;
				CLANG_CXX_LANGUAGE_STANDARD = "gnu++14";
				CLANG_CXX_LIBRARY = "libc++";
				CLANG_ENABLE_MODULES = YES;
				CLANG_ENABLE_OBJC_ARC = YES;
				CLANG_ENABLE_OBJC_WEAK = YES;
				CLANG_WARN_BLOCK_CAPTURE_AUTORELEASING = YES;
				CLANG_WARN_BOOL_CONVERSION = YES;
				CLANG_WARN_COMMA = YES;
				CLANG_WARN_CONSTANT_CONVERSION = YES;
				CLANG_WARN_DEPRECATED_OBJC_IMPLEMENTATIONS = YES;
				CLANG_WARN_DIRECT_OBJC_ISA_USAGE = YES_ERROR;
				CLANG_WARN_DOCUMENTATION_COMMENTS = YES;
				CLANG_WARN_EMPTY_BODY = YES;
				CLANG_WARN_ENUM_CONVERSION = YES;
				CLANG_WARN_INFINITE_RECURSION = YES;
				CLANG_WARN_INT_CONVERSION = YES;
				CLANG_WARN_NON_LITERAL_NULL_CONVERSION = YES;
				CLANG_WARN_OBJC_IMPLICIT_RETAIN_SELF = YES;
				CLANG_WARN_OBJC_LITERAL_CONVERSION = YES;
				CLANG_WARN_OBJC_ROOT_CLASS = YES_ERROR;
				CLANG_WARN_QUOTED_INCLUDE_IN_FRAMEWORK_HEADER = YES;
				CLANG_WARN_RANGE_LOOP_ANALYSIS = YES;
				CLANG_WARN_STRICT_PROTOTYPES = YES;
				CLANG_WARN_SUSPICIOUS_MOVE = YES;
				CLANG_WARN_UNGUARDED_AVAILABILITY = YES_AGGRESSIVE;
				CLANG_WARN_UNREACHABLE_CODE = YES;
				CLANG_WARN__DUPLICATE_METHOD_MATCH = YES;
				COPY_PHASE_STRIP = NO;
				DEBUG_INFORMATION_FORMAT = dwarf;
				ENABLE_STRICT_OBJC_MSGSEND = YES;
				ENABLE_TESTABILITY = YES;
				GCC_C_LANGUAGE_STANDARD = gnu11;
				GCC_DYNAMIC_NO_PIC = NO;
				GCC_NO_COMMON_BLOCKS = YES;
				GCC_OPTIMIZATION_LEVEL = 0;
				GCC_PREPROCESSOR_DEFINITIONS = (
					"DEBUG=1",
					"$(inherited)",
				);
				GCC_WARN_64_TO_32_BIT_CONVERSION = YES;
				GCC_WARN_ABOUT_RETURN_TYPE = YES_ERROR;
				GCC_WARN_UNDECLARED_SELECTOR = YES;
				GCC_WARN_UNINITIALIZED_AUTOS = YES_AGGRESSIVE;
				GCC_WARN_UNUSED_FUNCTION = YES;
				GCC_WARN_UNUSED_VARIABLE = YES;
				MACOSX_DEPLOYMENT_TARGET = 11.3;
				MTL_ENABLE_DEBUG_INFO = INCLUDE_SOURCE;
				MTL_FAST_MATH = YES;
				ONLY_ACTIVE_ARCH = YES;
				SDKROOT = macosx;
			};
			name = Debug;
		};
		BEF9388F26E99DF70026B650 /* Release */ = {
			isa = XCBuildConfiguration;
			buildSettings = {
				ALWAYS_SEARCH_USER_PATHS = NO;
				CLANG_ANALYZER_NONNULL = YES;
				CLANG_ANALYZER_NUMBER_OBJECT_CONVERSION = YES_AGGRESSIVE;
				CLANG_CXX_LANGUAGE_STANDARD = "gnu++14";
				CLANG_CXX_LIBRARY = "libc++";
				CLANG_ENABLE_MODULES = YES;
				CLANG_ENABLE_OBJC_ARC = YES;
				CLANG_ENABLE_OBJC_WEAK = YES;
				CLANG_WARN_BLOCK_CAPTURE_AUTORELEASING = YES;
				CLANG_WARN_BOOL_CONVERSION = YES;
				CLANG_WARN_COMMA = YES;
				CLANG_WARN_CONSTANT_CONVERSION = YES;
				CLANG_WARN_DEPRECATED_OBJC_IMPLEMENTATIONS = YES;
				CLANG_WARN_DIRECT_OBJC_ISA_USAGE = YES_ERROR;
				CLANG_WARN_DOCUMENTATION_COMMENTS = YES;
				CLANG_WARN_EMPTY_BODY = YES;
				CLANG_WARN_ENUM_CONVERSION = YES;
				CLANG_WARN_INFINITE_RECURSION = YES;
				CLANG_WARN_INT_CONVERSION = YES;
				CLANG_WARN_NON_LITERAL_NULL_CONVERSION = YES;
				CLANG_WARN_OBJC_IMPLICIT_RETAIN_SELF = YES;
				CLANG_WARN_OBJC_LITERAL_CONVERSION = YES;
				CLANG_WARN_OBJC_ROOT_CLASS = YES_ERROR;
				CLANG_WARN_QUOTED_INCLUDE_IN_FRAMEWORK_HEADER = YES;
				CLANG_WARN_RANGE_LOOP_ANALYSIS = YES;
				CLANG_WARN_STRICT_PROTOTYPES = YES;
				CLANG_WARN_SUSPICIOUS_MOVE = YES;
				CLANG_WARN_UNGUARDED_AVAILABILITY = YES_AGGRESSIVE;
				CLANG_WARN_UNREACHABLE_CODE = YES;
				CLANG_WARN__DUPLICATE_METHOD_MATCH = YES;
				COPY_PHASE_STRIP = NO;
				DEBUG_INFORMATION_FORMAT = "dwarf-with-dsym";
				ENABLE_NS_ASSERTIONS = NO;
				ENABLE_STRICT_OBJC_MSGSEND = YES;
				GCC_C_LANGUAGE_STANDARD = gnu11;
				GCC_NO_COMMON_BLOCKS = YES;
				GCC_WARN_64_TO_32_BIT_CONVERSION = YES;
				GCC_WARN_ABOUT_RETURN_TYPE = YES_ERROR;
				GCC_WARN_UNDECLARED_SELECTOR = YES;
				GCC_WARN_UNINITIALIZED_AUTOS = YES_AGGRESSIVE;
				GCC_WARN_UNUSED_FUNCTION = YES;
				GCC_WARN_UNUSED_VARIABLE = YES;
				MACOSX_DEPLOYMENT_TARGET = 11.3;
				MTL_ENABLE_DEBUG_INFO = NO;
				MTL_FAST_MATH = YES;
				SDKROOT = macosx;
			};
			name = Release;
		};
		BEF9389126E99DF70026B650 /* Debug */ = {
			isa = XCBuildConfiguration;
			buildSettings = {
				CODE_SIGN_STYLE = Automatic;
				PRODUCT_NAME = "$(TARGET_NAME)";
			};
			name = Debug;
		};
		BEF9389226E99DF70026B650 /* Release */ = {
			isa = XCBuildConfiguration;
			buildSettings = {
				CODE_SIGN_STYLE = Automatic;
				PRODUCT_NAME = "$(TARGET_NAME)";
			};
			name = Release;
		};
/* End XCBuildConfiguration section */

/* Begin XCConfigurationList section */
		BEF9388426E99DF70026B650 /* Build configuration list for PBXProject "clox" */ = {
			isa = XCConfigurationList;
			buildConfigurations = (
				BEF9388E26E99DF70026B650 /* Debug */,
				BEF9388F26E99DF70026B650 /* Release */,
			);
			defaultConfigurationIsVisible = 0;
			defaultConfigurationName = Release;
		};
		BEF9389026E99DF70026B650 /* Build configuration list for PBXNativeTarget "clox" */ = {
			isa = XCConfigurationList;
			buildConfigurations = (
				BEF9389126E99DF70026B650 /* Debug */,
				BEF9389226E99DF70026B650 /* Release */,
			);
			defaultConfigurationIsVisible = 0;
			defaultConfigurationName = Release;
		};
/* End XCConfigurationList section */
	};
	rootObject = BEF9388126E99DF70026B650 /* Project object */;
}
